<?xml version="1.0" encoding="utf-8"?>
<Project ToolsVersion="4.0" xmlns="http://schemas.microsoft.com/developer/msbuild/2003">
  <ItemGroup>
    <Filter Include="MikouMouk">
      <UniqueIdentifier>{862E801A-F298-3491-3BD7-E536A78012E6}</UniqueIdentifier>
    </Filter>
    <Filter Include="MikouMouk\Events">
      <UniqueIdentifier>{AA87AB94-9680-CAE6-BFB2-AF6BAB0AAAF2}</UniqueIdentifier>
    </Filter>
    <Filter Include="Platform">
      <UniqueIdentifier>{2AC788B4-1694-E3BF-3FAD-D1672BD9184E}</UniqueIdentifier>
    </Filter>
    <Filter Include="Platform\Windows">
      <UniqueIdentifier>{64FBD71A-50F4-F66C-7926-DCF1657ED678}</UniqueIdentifier>
    </Filter>
  </ItemGroup>
  <ItemGroup>
    <ClInclude Include="src\MikouMouk.h" />
    <ClInclude Include="src\MikouMouk\Application.h">
      <Filter>MikouMouk</Filter>
    </ClInclude>
    <ClInclude Include="src\MikouMouk\Core.h">
      <Filter>MikouMouk</Filter>
    </ClInclude>
    <ClInclude Include="src\MikouMouk\EntryPoint.h">
      <Filter>MikouMouk</Filter>
    </ClInclude>
    <ClInclude Include="src\MikouMouk\Events\ApplicationEvent.h">
      <Filter>MikouMouk\Events</Filter>
    </ClInclude>
    <ClInclude Include="src\MikouMouk\Events\Event.h">
      <Filter>MikouMouk\Events</Filter>
    </ClInclude>
    <ClInclude Include="src\MikouMouk\Events\KeyEvent.h">
      <Filter>MikouMouk\Events</Filter>
    </ClInclude>
    <ClInclude Include="src\MikouMouk\Events\MouseEvent.h">
      <Filter>MikouMouk\Events</Filter>
    </ClInclude>
    <ClInclude Include="src\MikouMouk\Log.h">
      <Filter>MikouMouk</Filter>
    </ClInclude>
    <ClInclude Include="src\MikouMouk\Window.h">
      <Filter>MikouMouk</Filter>
    </ClInclude>
    <ClInclude Include="src\Platform\Windows\WindowsWindow.h">
      <Filter>Platform\Windows</Filter>
    </ClInclude>
    <ClInclude Include="src\mkpch.h" />
    <ClInclude Include="src\MikouMouk\Input.h" />
    <ClInclude Include="src\Platform\Windows\WindowsInput.h" />
  </ItemGroup>
  <ItemGroup>
    <ClCompile Include="src\MikouMouk\Application.cpp">
      <Filter>MikouMouk</Filter>
    </ClCompile>
    <ClCompile Include="src\MikouMouk\Log.cpp">
      <Filter>MikouMouk</Filter>
    </ClCompile>
    <ClCompile Include="src\Platform\Windows\WindowsWindow.cpp">
      <Filter>Platform\Windows</Filter>
    </ClCompile>
    <ClCompile Include="src\mkpch.cpp" />
    <ClCompile Include="src\Platform\Windows\WindowsInput.cpp" />
  </ItemGroup>
</Project>